// !$*UTF8*$!
{
	archiveVersion = 1;
	classes = {
	};
	objectVersion = 56;
	objects = {

/* Begin PBXBuildFile section */
		B456B4B8297ED247005590FC /* TinderCloneApp.swift in Sources */ = {isa = PBXBuildFile; fileRef = B456B4B7297ED247005590FC /* TinderCloneApp.swift */; };
		B456B4BA297ED247005590FC /* ContentView.swift in Sources */ = {isa = PBXBuildFile; fileRef = B456B4B9297ED247005590FC /* ContentView.swift */; };
		B456B4BC297ED248005590FC /* Assets.xcassets in Resources */ = {isa = PBXBuildFile; fileRef = B456B4BB297ED248005590FC /* Assets.xcassets */; };
		B456B4BF297ED248005590FC /* Preview Assets.xcassets in Resources */ = {isa = PBXBuildFile; fileRef = B456B4BE297ED248005590FC /* Preview Assets.xcassets */; };
		B456B4C6297ED2E3005590FC /* MainView.swift in Sources */ = {isa = PBXBuildFile; fileRef = B456B4C5297ED2E3005590FC /* MainView.swift */; };
		B456B4C8297ED58C005590FC /* TabBarButtonView.swift in Sources */ = {isa = PBXBuildFile; fileRef = B456B4C7297ED58C005590FC /* TabBarButtonView.swift */; };
		B456B4CA297EDC3E005590FC /* AppStateManager.swift in Sources */ = {isa = PBXBuildFile; fileRef = B456B4C9297EDC3E005590FC /* AppStateManager.swift */; };
		B456B4CC297EDE85005590FC /* Extensions.swift in Sources */ = {isa = PBXBuildFile; fileRef = B456B4CB297EDE85005590FC /* Extensions.swift */; };
		B4BD301F297F5321001F95CD /* Message.swift in Sources */ = {isa = PBXBuildFile; fileRef = B4BD301E297F5321001F95CD /* Message.swift */; };
		B4BD3022297F53AA001F95CD /* Person.swift in Sources */ = {isa = PBXBuildFile; fileRef = B4BD3021297F53AA001F95CD /* Person.swift */; };
		B4BD3024297F5454001F95CD /* MessagePreview.swift in Sources */ = {isa = PBXBuildFile; fileRef = B4BD3023297F5454001F95CD /* MessagePreview.swift */; };
		B4BD3029297F554F001F95CD /* MessageView.swift in Sources */ = {isa = PBXBuildFile; fileRef = B4BD3028297F554F001F95CD /* MessageView.swift */; };
		B4BD302B297F570A001F95CD /* ChatView.swift in Sources */ = {isa = PBXBuildFile; fileRef = B4BD302A297F570A001F95CD /* ChatView.swift */; };
		B4BF98242980237D00197E3C /* ChatManager.swift in Sources */ = {isa = PBXBuildFile; fileRef = B4BF98232980237D00197E3C /* ChatManager.swift */; };
		B4BF9826298026F400197E3C /* ChatViewHeader.swift in Sources */ = {isa = PBXBuildFile; fileRef = B4BF9825298026F400197E3C /* ChatViewHeader.swift */; };
		B4ED825A297EFE1400656C69 /* ProfileView.swift in Sources */ = {isa = PBXBuildFile; fileRef = B4ED8259297EFE1400656C69 /* ProfileView.swift */; };
		B4ED825D297EFFAF00656C69 /* RoundedImage.swift in Sources */ = {isa = PBXBuildFile; fileRef = B4ED825C297EFFAF00656C69 /* RoundedImage.swift */; };
		B4ED8260297F00FD00656C69 /* KingfisherSwiftUI in Frameworks */ = {isa = PBXBuildFile; productRef = B4ED825F297F00FD00656C69 /* KingfisherSwiftUI */; };
		B4ED8263297F0C8A00656C69 /* ProfileSwipePromo.swift in Sources */ = {isa = PBXBuildFile; fileRef = B4ED8262297F0C8A00656C69 /* ProfileSwipePromo.swift */; };
/* End PBXBuildFile section */

/* Begin PBXFileReference section */
		B456B4B4297ED247005590FC /* TinderClone.app */ = {isa = PBXFileReference; explicitFileType = wrapper.application; includeInIndex = 0; path = TinderClone.app; sourceTree = BUILT_PRODUCTS_DIR; };
		B456B4B7297ED247005590FC /* TinderCloneApp.swift */ = {isa = PBXFileReference; lastKnownFileType = sourcecode.swift; path = TinderCloneApp.swift; sourceTree = "<group>"; };
		B456B4B9297ED247005590FC /* ContentView.swift */ = {isa = PBXFileReference; lastKnownFileType = sourcecode.swift; path = ContentView.swift; sourceTree = "<group>"; };
		B456B4BB297ED248005590FC /* Assets.xcassets */ = {isa = PBXFileReference; lastKnownFileType = folder.assetcatalog; path = Assets.xcassets; sourceTree = "<group>"; };
		B456B4BE297ED248005590FC /* Preview Assets.xcassets */ = {isa = PBXFileReference; lastKnownFileType = folder.assetcatalog; path = "Preview Assets.xcassets"; sourceTree = "<group>"; };
		B456B4C5297ED2E3005590FC /* MainView.swift */ = {isa = PBXFileReference; lastKnownFileType = sourcecode.swift; path = MainView.swift; sourceTree = "<group>"; };
		B456B4C7297ED58C005590FC /* TabBarButtonView.swift */ = {isa = PBXFileReference; lastKnownFileType = sourcecode.swift; path = TabBarButtonView.swift; sourceTree = "<group>"; };
		B456B4C9297EDC3E005590FC /* AppStateManager.swift */ = {isa = PBXFileReference; lastKnownFileType = sourcecode.swift; path = AppStateManager.swift; sourceTree = "<group>"; };
		B456B4CB297EDE85005590FC /* Extensions.swift */ = {isa = PBXFileReference; lastKnownFileType = sourcecode.swift; path = Extensions.swift; sourceTree = "<group>"; };
		B4BD301E297F5321001F95CD /* Message.swift */ = {isa = PBXFileReference; lastKnownFileType = sourcecode.swift; path = Message.swift; sourceTree = "<group>"; };
		B4BD3021297F53AA001F95CD /* Person.swift */ = {isa = PBXFileReference; lastKnownFileType = sourcecode.swift; path = Person.swift; sourceTree = "<group>"; };
		B4BD3023297F5454001F95CD /* MessagePreview.swift */ = {isa = PBXFileReference; lastKnownFileType = sourcecode.swift; path = MessagePreview.swift; sourceTree = "<group>"; };
		B4BD3028297F554F001F95CD /* MessageView.swift */ = {isa = PBXFileReference; lastKnownFileType = sourcecode.swift; path = MessageView.swift; sourceTree = "<group>"; };
		B4BD302A297F570A001F95CD /* ChatView.swift */ = {isa = PBXFileReference; lastKnownFileType = sourcecode.swift; path = ChatView.swift; sourceTree = "<group>"; };
		B4BF98232980237D00197E3C /* ChatManager.swift */ = {isa = PBXFileReference; lastKnownFileType = sourcecode.swift; path = ChatManager.swift; sourceTree = "<group>"; };
		B4BF9825298026F400197E3C /* ChatViewHeader.swift */ = {isa = PBXFileReference; lastKnownFileType = sourcecode.swift; path = ChatViewHeader.swift; sourceTree = "<group>"; };
		B4ED8259297EFE1400656C69 /* ProfileView.swift */ = {isa = PBXFileReference; lastKnownFileType = sourcecode.swift; path = ProfileView.swift; sourceTree = "<group>"; };
		B4ED825C297EFFAF00656C69 /* RoundedImage.swift */ = {isa = PBXFileReference; lastKnownFileType = sourcecode.swift; path = RoundedImage.swift; sourceTree = "<group>"; };
		B4ED8262297F0C8A00656C69 /* ProfileSwipePromo.swift */ = {isa = PBXFileReference; lastKnownFileType = sourcecode.swift; path = ProfileSwipePromo.swift; sourceTree = "<group>"; };
/* End PBXFileReference section */

/* Begin PBXFrameworksBuildPhase section */
		B456B4B1297ED247005590FC /* Frameworks */ = {
			isa = PBXFrameworksBuildPhase;
			buildActionMask = 2147483647;
			files = (
				B4ED8260297F00FD00656C69 /* KingfisherSwiftUI in Frameworks */,
			);
			runOnlyForDeploymentPostprocessing = 0;
		};
/* End PBXFrameworksBuildPhase section */

/* Begin PBXGroup section */
		B456B4AB297ED247005590FC = {
			isa = PBXGroup;
			children = (
				B456B4B6297ED247005590FC /* TinderClone */,
				B456B4B5297ED247005590FC /* Products */,
			);
			sourceTree = "<group>";
		};
		B456B4B5297ED247005590FC /* Products */ = {
			isa = PBXGroup;
			children = (
				B456B4B4297ED247005590FC /* TinderClone.app */,
			);
			name = Products;
			sourceTree = "<group>";
		};
		B456B4B6297ED247005590FC /* TinderClone */ = {
			isa = PBXGroup;
			children = (
				B456B4B7297ED247005590FC /* TinderCloneApp.swift */,
				B456B4B9297ED247005590FC /* ContentView.swift */,
				B456B4C9297EDC3E005590FC /* AppStateManager.swift */,
				B4ED8258297EFCCB00656C69 /* MainTabBar */,
				B4ED825B297EFE2100656C69 /* Profile */,
				B4BD3020297F5329001F95CD /* Model */,
				B4ED8261297F022800656C69 /* HelperView */,
				B4BD3027297F550A001F95CD /* Messages */,
				B456B4BB297ED248005590FC /* Assets.xcassets */,
				B456B4BD297ED248005590FC /* Preview Content */,
				B456B4CB297EDE85005590FC /* Extensions.swift */,
			);
			path = TinderClone;
			sourceTree = "<group>";
		};
		B456B4BD297ED248005590FC /* Preview Content */ = {
			isa = PBXGroup;
			children = (
				B456B4BE297ED248005590FC /* Preview Assets.xcassets */,
			);
			path = "Preview Content";
			sourceTree = "<group>";
		};
		B4BD3020297F5329001F95CD /* Model */ = {
			isa = PBXGroup;
			children = (
				B4BD301E297F5321001F95CD /* Message.swift */,
				B4BD3023297F5454001F95CD /* MessagePreview.swift */,
				B4BD3021297F53AA001F95CD /* Person.swift */,
			);
			path = Model;
			sourceTree = "<group>";
		};
		B4BD3027297F550A001F95CD /* Messages */ = {
			isa = PBXGroup;
			children = (
				B4BD3028297F554F001F95CD /* MessageView.swift */,
				B4BD302A297F570A001F95CD /* ChatView.swift */,
				B4BF98232980237D00197E3C /* ChatManager.swift */,
				B4BF9825298026F400197E3C /* ChatViewHeader.swift */,
			);
			path = Messages;
			sourceTree = "<group>";
		};
		B4ED8258297EFCCB00656C69 /* MainTabBar */ = {
			isa = PBXGroup;
			children = (
				B456B4C5297ED2E3005590FC /* MainView.swift */,
				B456B4C7297ED58C005590FC /* TabBarButtonView.swift */,
			);
			path = MainTabBar;
			sourceTree = "<group>";
		};
		B4ED825B297EFE2100656C69 /* Profile */ = {
			isa = PBXGroup;
			children = (
				B4ED8259297EFE1400656C69 /* ProfileView.swift */,
				B4ED8262297F0C8A00656C69 /* ProfileSwipePromo.swift */,
			);
			path = Profile;
			sourceTree = "<group>";
		};
		B4ED8261297F022800656C69 /* HelperView */ = {
			isa = PBXGroup;
			children = (
				B4ED825C297EFFAF00656C69 /* RoundedImage.swift */,
			);
			path = HelperView;
			sourceTree = "<group>";
		};
/* End PBXGroup section */

/* Begin PBXNativeTarget section */
		B456B4B3297ED247005590FC /* TinderClone */ = {
			isa = PBXNativeTarget;
			buildConfigurationList = B456B4C2297ED248005590FC /* Build configuration list for PBXNativeTarget "TinderClone" */;
			buildPhases = (
				B456B4B0297ED247005590FC /* Sources */,
				B456B4B1297ED247005590FC /* Frameworks */,
				B456B4B2297ED247005590FC /* Resources */,
			);
			buildRules = (
			);
			dependencies = (
			);
			name = TinderClone;
			packageProductDependencies = (
				B4ED825F297F00FD00656C69 /* KingfisherSwiftUI */,
			);
			productName = TinderClone;
			productReference = B456B4B4297ED247005590FC /* TinderClone.app */;
			productType = "com.apple.product-type.application";
		};
/* End PBXNativeTarget section */

/* Begin PBXProject section */
		B456B4AC297ED247005590FC /* Project object */ = {
			isa = PBXProject;
			attributes = {
				BuildIndependentTargetsInParallel = 1;
				LastSwiftUpdateCheck = 1410;
				LastUpgradeCheck = 1410;
				TargetAttributes = {
					B456B4B3297ED247005590FC = {
						CreatedOnToolsVersion = 14.1;
					};
				};
			};
			buildConfigurationList = B456B4AF297ED247005590FC /* Build configuration list for PBXProject "TinderClone" */;
			compatibilityVersion = "Xcode 14.0";
			developmentRegion = en;
			hasScannedForEncodings = 0;
			knownRegions = (
				en,
				Base,
			);
			mainGroup = B456B4AB297ED247005590FC;
			packageReferences = (
				B4ED825E297F00FC00656C69 /* XCRemoteSwiftPackageReference "Kingfisher" */,
			);
			productRefGroup = B456B4B5297ED247005590FC /* Products */;
			projectDirPath = "";
			projectRoot = "";
			targets = (
				B456B4B3297ED247005590FC /* TinderClone */,
			);
		};
/* End PBXProject section */

/* Begin PBXResourcesBuildPhase section */
		B456B4B2297ED247005590FC /* Resources */ = {
			isa = PBXResourcesBuildPhase;
			buildActionMask = 2147483647;
			files = (
				B456B4BF297ED248005590FC /* Preview Assets.xcassets in Resources */,
				B456B4BC297ED248005590FC /* Assets.xcassets in Resources */,
			);
			runOnlyForDeploymentPostprocessing = 0;
		};
/* End PBXResourcesBuildPhase section */

/* Begin PBXSourcesBuildPhase section */
		B456B4B0297ED247005590FC /* Sources */ = {
			isa = PBXSourcesBuildPhase;
			buildActionMask = 2147483647;
			files = (
				B4BF98242980237D00197E3C /* ChatManager.swift in Sources */,
				B456B4C8297ED58C005590FC /* TabBarButtonView.swift in Sources */,
				B4ED825D297EFFAF00656C69 /* RoundedImage.swift in Sources */,
				B4BF9826298026F400197E3C /* ChatViewHeader.swift in Sources */,
				B456B4CC297EDE85005590FC /* Extensions.swift in Sources */,
				B456B4BA297ED247005590FC /* ContentView.swift in Sources */,
				B4BD302B297F570A001F95CD /* ChatView.swift in Sources */,
				B4BD3022297F53AA001F95CD /* Person.swift in Sources */,
				B4BD3029297F554F001F95CD /* MessageView.swift in Sources */,
				B4ED8263297F0C8A00656C69 /* ProfileSwipePromo.swift in Sources */,
				B456B4C6297ED2E3005590FC /* MainView.swift in Sources */,
				B456B4B8297ED247005590FC /* TinderCloneApp.swift in Sources */,
				B4BD301F297F5321001F95CD /* Message.swift in Sources */,
				B4ED825A297EFE1400656C69 /* ProfileView.swift in Sources */,
				B456B4CA297EDC3E005590FC /* AppStateManager.swift in Sources */,
				B4BD3024297F5454001F95CD /* MessagePreview.swift in Sources */,
			);
			runOnlyForDeploymentPostprocessing = 0;
		};
/* End PBXSourcesBuildPhase section */

/* Begin XCBuildConfiguration section */
		B456B4C0297ED248005590FC /* Debug */ = {
			isa = XCBuildConfiguration;
			buildSettings = {
				ALWAYS_SEARCH_USER_PATHS = NO;
				CLANG_ANALYZER_NONNULL = YES;
				CLANG_ANALYZER_NUMBER_OBJECT_CONVERSION = YES_AGGRESSIVE;
				CLANG_CXX_LANGUAGE_STANDARD = "gnu++20";
				CLANG_ENABLE_MODULES = YES;
				CLANG_ENABLE_OBJC_ARC = YES;
				CLANG_ENABLE_OBJC_WEAK = YES;
				CLANG_WARN_BLOCK_CAPTURE_AUTORELEASING = YES;
				CLANG_WARN_BOOL_CONVERSION = YES;
				CLANG_WARN_COMMA = YES;
				CLANG_WARN_CONSTANT_CONVERSION = YES;
				CLANG_WARN_DEPRECATED_OBJC_IMPLEMENTATIONS = YES;
				CLANG_WARN_DIRECT_OBJC_ISA_USAGE = YES_ERROR;
				CLANG_WARN_DOCUMENTATION_COMMENTS = YES;
				CLANG_WARN_EMPTY_BODY = YES;
				CLANG_WARN_ENUM_CONVERSION = YES;
				CLANG_WARN_INFINITE_RECURSION = YES;
				CLANG_WARN_INT_CONVERSION = YES;
				CLANG_WARN_NON_LITERAL_NULL_CONVERSION = YES;
				CLANG_WARN_OBJC_IMPLICIT_RETAIN_SELF = YES;
				CLANG_WARN_OBJC_LITERAL_CONVERSION = YES;
				CLANG_WARN_OBJC_ROOT_CLASS = YES_ERROR;
				CLANG_WARN_QUOTED_INCLUDE_IN_FRAMEWORK_HEADER = YES;
				CLANG_WARN_RANGE_LOOP_ANALYSIS = YES;
				CLANG_WARN_STRICT_PROTOTYPES = YES;
				CLANG_WARN_SUSPICIOUS_MOVE = YES;
				CLANG_WARN_UNGUARDED_AVAILABILITY = YES_AGGRESSIVE;
				CLANG_WARN_UNREACHABLE_CODE = YES;
				CLANG_WARN__DUPLICATE_METHOD_MATCH = YES;
				COPY_PHASE_STRIP = NO;
				DEBUG_INFORMATION_FORMAT = dwarf;
				ENABLE_STRICT_OBJC_MSGSEND = YES;
				ENABLE_TESTABILITY = YES;
				GCC_C_LANGUAGE_STANDARD = gnu11;
				GCC_DYNAMIC_NO_PIC = NO;
				GCC_NO_COMMON_BLOCKS = YES;
				GCC_OPTIMIZATION_LEVEL = 0;
				GCC_PREPROCESSOR_DEFINITIONS = (
					"DEBUG=1",
					"$(inherited)",
				);
				GCC_WARN_64_TO_32_BIT_CONVERSION = YES;
				GCC_WARN_ABOUT_RETURN_TYPE = YES_ERROR;
				GCC_WARN_UNDECLARED_SELECTOR = YES;
				GCC_WARN_UNINITIALIZED_AUTOS = YES_AGGRESSIVE;
				GCC_WARN_UNUSED_FUNCTION = YES;
				GCC_WARN_UNUSED_VARIABLE = YES;
				IPHONEOS_DEPLOYMENT_TARGET = 16.1;
				MTL_ENABLE_DEBUG_INFO = INCLUDE_SOURCE;
				MTL_FAST_MATH = YES;
				ONLY_ACTIVE_ARCH = YES;
				SDKROOT = iphoneos;
				SWIFT_ACTIVE_COMPILATION_CONDITIONS = DEBUG;
				SWIFT_OPTIMIZATION_LEVEL = "-Onone";
			};
			name = Debug;
		};
		B456B4C1297ED248005590FC /* Release */ = {
			isa = XCBuildConfiguration;
			buildSettings = {
				ALWAYS_SEARCH_USER_PATHS = NO;
				CLANG_ANALYZER_NONNULL = YES;
				CLANG_ANALYZER_NUMBER_OBJECT_CONVERSION = YES_AGGRESSIVE;
				CLANG_CXX_LANGUAGE_STANDARD = "gnu++20";
				CLANG_ENABLE_MODULES = YES;
				CLANG_ENABLE_OBJC_ARC = YES;
				CLANG_ENABLE_OBJC_WEAK = YES;
				CLANG_WARN_BLOCK_CAPTURE_AUTORELEASING = YES;
				CLANG_WARN_BOOL_CONVERSION = YES;
				CLANG_WARN_COMMA = YES;
				CLANG_WARN_CONSTANT_CONVERSION = YES;
				CLANG_WARN_DEPRECATED_OBJC_IMPLEMENTATIONS = YES;
				CLANG_WARN_DIRECT_OBJC_ISA_USAGE = YES_ERROR;
				CLANG_WARN_DOCUMENTATION_COMMENTS = YES;
				CLANG_WARN_EMPTY_BODY = YES;
				CLANG_WARN_ENUM_CONVERSION = YES;
				CLANG_WARN_INFINITE_RECURSION = YES;
				CLANG_WARN_INT_CONVERSION = YES;
				CLANG_WARN_NON_LITERAL_NULL_CONVERSION = YES;
				CLANG_WARN_OBJC_IMPLICIT_RETAIN_SELF = YES;
				CLANG_WARN_OBJC_LITERAL_CONVERSION = YES;
				CLANG_WARN_OBJC_ROOT_CLASS = YES_ERROR;
				CLANG_WARN_QUOTED_INCLUDE_IN_FRAMEWORK_HEADER = YES;
				CLANG_WARN_RANGE_LOOP_ANALYSIS = YES;
				CLANG_WARN_STRICT_PROTOTYPES = YES;
				CLANG_WARN_SUSPICIOUS_MOVE = YES;
				CLANG_WARN_UNGUARDED_AVAILABILITY = YES_AGGRESSIVE;
				CLANG_WARN_UNREACHABLE_CODE = YES;
				CLANG_WARN__DUPLICATE_METHOD_MATCH = YES;
				COPY_PHASE_STRIP = NO;
				DEBUG_INFORMATION_FORMAT = "dwarf-with-dsym";
				ENABLE_NS_ASSERTIONS = NO;
				ENABLE_STRICT_OBJC_MSGSEND = YES;
				GCC_C_LANGUAGE_STANDARD = gnu11;
				GCC_NO_COMMON_BLOCKS = YES;
				GCC_WARN_64_TO_32_BIT_CONVERSION = YES;
				GCC_WARN_ABOUT_RETURN_TYPE = YES_ERROR;
				GCC_WARN_UNDECLARED_SELECTOR = YES;
				GCC_WARN_UNINITIALIZED_AUTOS = YES_AGGRESSIVE;
				GCC_WARN_UNUSED_FUNCTION = YES;
				GCC_WARN_UNUSED_VARIABLE = YES;
				IPHONEOS_DEPLOYMENT_TARGET = 16.1;
				MTL_ENABLE_DEBUG_INFO = NO;
				MTL_FAST_MATH = YES;
				SDKROOT = iphoneos;
				SWIFT_COMPILATION_MODE = wholemodule;
				SWIFT_OPTIMIZATION_LEVEL = "-O";
				VALIDATE_PRODUCT = YES;
			};
			name = Release;
		};
		B456B4C3297ED248005590FC /* Debug */ = {
			isa = XCBuildConfiguration;
			buildSettings = {
				ASSETCATALOG_COMPILER_APPICON_NAME = AppIcon;
				ASSETCATALOG_COMPILER_GLOBAL_ACCENT_COLOR_NAME = AccentColor;
				CODE_SIGN_STYLE = Automatic;
				CURRENT_PROJECT_VERSION = 1;
				DEVELOPMENT_ASSET_PATHS = "\"TinderClone/Preview Content\"";
				DEVELOPMENT_TEAM = 9YRW6AKFZ7;
				ENABLE_PREVIEWS = YES;
				GENERATE_INFOPLIST_FILE = YES;
				INFOPLIST_KEY_UIApplicationSceneManifest_Generation = YES;
				INFOPLIST_KEY_UIApplicationSupportsIndirectInputEvents = YES;
				INFOPLIST_KEY_UILaunchScreen_Generation = YES;
				INFOPLIST_KEY_UISupportedInterfaceOrientations_iPad = "UIInterfaceOrientationPortrait UIInterfaceOrientationPortraitUpsideDown UIInterfaceOrientationLandscapeLeft UIInterfaceOrientationLandscapeRight";
				INFOPLIST_KEY_UISupportedInterfaceOrientations_iPhone = "UIInterfaceOrientationPortrait UIInterfaceOrientationLandscapeLeft UIInterfaceOrientationLandscapeRight";
				LD_RUNPATH_SEARCH_PATHS = (
					"$(inherited)",
					"@executable_path/Frameworks",
				);
				MARKETING_VERSION = 1.0;
				PRODUCT_BUNDLE_IDENTIFIER = co.diasGustaavo.TinderClone;
				PRODUCT_NAME = "$(TARGET_NAME)";
				SWIFT_EMIT_LOC_STRINGS = YES;
				SWIFT_VERSION = 5.0;
				TARGETED_DEVICE_FAMILY = "1,2";
			};
			name = Debug;
		};
		B456B4C4297ED248005590FC /* Release */ = {
			isa = XCBuildConfiguration;
			buildSettings = {
				ASSETCATALOG_COMPILER_APPICON_NAME = AppIcon;
				ASSETCATALOG_COMPILER_GLOBAL_ACCENT_COLOR_NAME = AccentColor;
				CODE_SIGN_STYLE = Automatic;
				CURRENT_PROJECT_VERSION = 1;
				DEVELOPMENT_ASSET_PATHS = "\"TinderClone/Preview Content\"";
				DEVELOPMENT_TEAM = 9YRW6AKFZ7;
				ENABLE_PREVIEWS = YES;
				GENERATE_INFOPLIST_FILE = YES;
				INFOPLIST_KEY_UIApplicationSceneManifest_Generation = YES;
				INFOPLIST_KEY_UIApplicationSupportsIndirectInputEvents = YES;
				INFOPLIST_KEY_UILaunchScreen_Generation = YES;
				INFOPLIST_KEY_UISupportedInterfaceOrientations_iPad = "UIInterfaceOrientationPortrait UIInterfaceOrientationPortraitUpsideDown UIInterfaceOrientationLandscapeLeft UIInterfaceOrientationLandscapeRight";
				INFOPLIST_KEY_UISupportedInterfaceOrientations_iPhone = "UIInterfaceOrientationPortrait UIInterfaceOrientationLandscapeLeft UIInterfaceOrientationLandscapeRight";
				LD_RUNPATH_SEARCH_PATHS = (
					"$(inherited)",
					"@executable_path/Frameworks",
				);
				MARKETING_VERSION = 1.0;
				PRODUCT_BUNDLE_IDENTIFIER = co.diasGustaavo.TinderClone;
				PRODUCT_NAME = "$(TARGET_NAME)";
				SWIFT_EMIT_LOC_STRINGS = YES;
				SWIFT_VERSION = 5.0;
				TARGETED_DEVICE_FAMILY = "1,2";
			};
			name = Release;
		};
/* End XCBuildConfiguration section */

/* Begin XCConfigurationList section */
		B456B4AF297ED247005590FC /* Build configuration list for PBXProject "TinderClone" */ = {
			isa = XCConfigurationList;
			buildConfigurations = (
				B456B4C0297ED248005590FC /* Debug */,
				B456B4C1297ED248005590FC /* Release */,
			);
			defaultConfigurationIsVisible = 0;
			defaultConfigurationName = Release;
		};
		B456B4C2297ED248005590FC /* Build configuration list for PBXNativeTarget "TinderClone" */ = {
			isa = XCConfigurationList;
			buildConfigurations = (
				B456B4C3297ED248005590FC /* Debug */,
				B456B4C4297ED248005590FC /* Release */,
			);
			defaultConfigurationIsVisible = 0;
			defaultConfigurationName = Release;
		};
/* End XCConfigurationList section */

/* Begin XCRemoteSwiftPackageReference section */
		B4ED825E297F00FC00656C69 /* XCRemoteSwiftPackageReference "Kingfisher" */ = {
			isa = XCRemoteSwiftPackageReference;
			repositoryURL = "https://github.com/onevcat/Kingfisher.git";
			requirement = {
				kind = exactVersion;
				version = 5.15.7;
			};
		};
/* End XCRemoteSwiftPackageReference section */

/* Begin XCSwiftPackageProductDependency section */
		B4ED825F297F00FD00656C69 /* KingfisherSwiftUI */ = {
			isa = XCSwiftPackageProductDependency;
			package = B4ED825E297F00FC00656C69 /* XCRemoteSwiftPackageReference "Kingfisher" */;
			productName = KingfisherSwiftUI;
		};
/* End XCSwiftPackageProductDependency section */
	};
	rootObject = B456B4AC297ED247005590FC /* Project object */;
}
